// !$*UTF8*$!
{
	archiveVersion = 1;
	classes = {
	};
	objectVersion = 46;
	objects = {

/* Begin PBXBuildFile section */
		13B07FBC1A68108700A75B9A /* AppDelegate.m in Sources */ = {isa = PBXBuildFile; fileRef = 13B07FB01A68108700A75B9A /* AppDelegate.m */; };
		13B07FBF1A68108700A75B9A /* Images.xcassets in Resources */ = {isa = PBXBuildFile; fileRef = 13B07FB51A68108700A75B9A /* Images.xcassets */; };
		13B07FC11A68108700A75B9A /* main.m in Sources */ = {isa = PBXBuildFile; fileRef = 13B07FB71A68108700A75B9A /* main.m */; };
		1426500623EC563700073BC7 /* login.mp4 in Resources */ = {isa = PBXBuildFile; fileRef = 1426500323EC563600073BC7 /* login.mp4 */; };
		1443EC8523ED2FEB00AC9FB0 /* StoreKit.framework in Frameworks */ = {isa = PBXBuildFile; fileRef = 1443EC8423ED2FEB00AC9FB0 /* StoreKit.framework */; };
		145067D223F51C5600A58754 /* InfoPlist.strings in Resources */ = {isa = PBXBuildFile; fileRef = 145067D423F51C5600A58754 /* InfoPlist.strings */; };
		1464EE5523EC6AE100E3590E /* WorkSans-Black.ttf in Resources */ = {isa = PBXBuildFile; fileRef = 1464EE5423EC6AE100E3590E /* WorkSans-Black.ttf */; };
		1493E617241ADE0E00B069CD /* countdown_3_en.mp3 in Resources */ = {isa = PBXBuildFile; fileRef = 1493E60F241ADE0E00B069CD /* countdown_3_en.mp3 */; };
		1493E618241ADE0E00B069CD /* countdown_1_en.mp3 in Resources */ = {isa = PBXBuildFile; fileRef = 1493E610241ADE0E00B069CD /* countdown_1_en.mp3 */; };
		1493E619241ADE0E00B069CD /* countdown_2_zh.mp3 in Resources */ = {isa = PBXBuildFile; fileRef = 1493E611241ADE0E00B069CD /* countdown_2_zh.mp3 */; };
		1493E61A241ADE0E00B069CD /* countdown_2_en.mp3 in Resources */ = {isa = PBXBuildFile; fileRef = 1493E612241ADE0E00B069CD /* countdown_2_en.mp3 */; };
		1493E61B241ADE0E00B069CD /* countdown_go_en.mp3 in Resources */ = {isa = PBXBuildFile; fileRef = 1493E613241ADE0E00B069CD /* countdown_go_en.mp3 */; };
		1493E61C241ADE0E00B069CD /* countdown_1_zh.mp3 in Resources */ = {isa = PBXBuildFile; fileRef = 1493E614241ADE0E00B069CD /* countdown_1_zh.mp3 */; };
		1493E61D241ADE0E00B069CD /* countdown_go_zh.mp3 in Resources */ = {isa = PBXBuildFile; fileRef = 1493E615241ADE0E00B069CD /* countdown_go_zh.mp3 */; };
		1493E61E241ADE0E00B069CD /* countdown_3_zh.mp3 in Resources */ = {isa = PBXBuildFile; fileRef = 1493E616241ADE0E00B069CD /* countdown_3_zh.mp3 */; };
		14CF391124AE5A08004C1728 /* LaunchScreen.storyboard in Resources */ = {isa = PBXBuildFile; fileRef = 14CF391024AE5A08004C1728 /* LaunchScreen.storyboard */; };
		14EB5420242BB87C0051985A /* countdown_beep_end.mp3 in Resources */ = {isa = PBXBuildFile; fileRef = 14EB541E242BB87B0051985A /* countdown_beep_end.mp3 */; };
		14EB5421242BB87C0051985A /* countdown_beep.mp3 in Resources */ = {isa = PBXBuildFile; fileRef = 14EB541F242BB87C0051985A /* countdown_beep.mp3 */; };
		2AA78B903FF0EF7AECA961B1 /* libPods-OneSignalNotificationServiceExtension.a in Frameworks */ = {isa = PBXBuildFile; fileRef = 7229D8521F59FFD506ADA5DB /* libPods-OneSignalNotificationServiceExtension.a */; };
		B77B249E9E2772210733DBD7 /* libPods-Nuli.a in Frameworks */ = {isa = PBXBuildFile; fileRef = 76BCE98781AA836085B04547 /* libPods-Nuli.a */; };
		D2A899A4246E992000EE2EDD /* NotificationService.m in Sources */ = {isa = PBXBuildFile; fileRef = D2A899A3246E992000EE2EDD /* NotificationService.m */; };
		D2A899A8246E992100EE2EDD /* OneSignalNotificationServiceExtension.appex in Embed App Extensions */ = {isa = PBXBuildFile; fileRef = D2A899A0246E992000EE2EDD /* OneSignalNotificationServiceExtension.appex */; settings = {ATTRIBUTES = (RemoveHeadersOnCopy, ); }; };
		DC158DE224A213CC00602E3B /* File.swift in Sources */ = {isa = PBXBuildFile; fileRef = DC158DE124A213CC00602E3B /* File.swift */; };
		E98B387223D7365D00ED8311 /* container in Resources */ = {isa = PBXBuildFile; fileRef = E98B387123D7365D00ED8311 /* container */; };
		E99966AD23F556BE00E3267F /* KeepAwakeManager.m in Sources */ = {isa = PBXBuildFile; fileRef = E99966AC23F556BE00E3267F /* KeepAwakeManager.m */; };
		E9E98F53237AA41A002C17DE /* WorkSans-Bold.ttf in Resources */ = {isa = PBXBuildFile; fileRef = E9E98F4D237AA41A002C17DE /* WorkSans-Bold.ttf */; };
		E9E98F54237AA41A002C17DE /* WorkSans-Regular.ttf in Resources */ = {isa = PBXBuildFile; fileRef = E9E98F4E237AA41A002C17DE /* WorkSans-Regular.ttf */; };
		E9E98F55237AA41A002C17DE /* WorkSans-Light.ttf in Resources */ = {isa = PBXBuildFile; fileRef = E9E98F4F237AA41A002C17DE /* WorkSans-Light.ttf */; };
		E9E98F56237AA41A002C17DE /* OpenSans-Regular.ttf in Resources */ = {isa = PBXBuildFile; fileRef = E9E98F50237AA41A002C17DE /* OpenSans-Regular.ttf */; };
		E9E98F57237AA41A002C17DE /* OpenSans-Bold.ttf in Resources */ = {isa = PBXBuildFile; fileRef = E9E98F51237AA41A002C17DE /* OpenSans-Bold.ttf */; };
		E9E98F58237AA41A002C17DE /* OpenSans-Light.ttf in Resources */ = {isa = PBXBuildFile; fileRef = E9E98F52237AA41A002C17DE /* OpenSans-Light.ttf */; };
/* End PBXBuildFile section */

/* Begin PBXContainerItemProxy section */
		D2A899A6246E992000EE2EDD /* PBXContainerItemProxy */ = {
			isa = PBXContainerItemProxy;
			containerPortal = 83CBB9F71A601CBA00E9B192 /* Project object */;
			proxyType = 1;
			remoteGlobalIDString = D2A8999F246E992000EE2EDD;
			remoteInfo = OneSignalNotificationServiceExtension;
		};
/* End PBXContainerItemProxy section */

/* Begin PBXCopyFilesBuildPhase section */
		D2A8999B246D8FEA00EE2EDD /* Embed App Extensions */ = {
			isa = PBXCopyFilesBuildPhase;
			buildActionMask = 2147483647;
			dstPath = "";
			dstSubfolderSpec = 13;
			files = (
				D2A899A8246E992100EE2EDD /* OneSignalNotificationServiceExtension.appex in Embed App Extensions */,
			);
			name = "Embed App Extensions";
			runOnlyForDeploymentPostprocessing = 0;
		};
/* End PBXCopyFilesBuildPhase section */

/* Begin PBXFileReference section */
		008F07F21AC5B25A0029DE68 /* main.jsbundle */ = {isa = PBXFileReference; fileEncoding = 4; lastKnownFileType = text; path = main.jsbundle; sourceTree = "<group>"; };
		11F389CF93296A2B1D365D13 /* Pods-Nuli.staging.xcconfig */ = {isa = PBXFileReference; includeInIndex = 1; lastKnownFileType = text.xcconfig; name = "Pods-Nuli.staging.xcconfig"; path = "Target Support Files/Pods-Nuli/Pods-Nuli.staging.xcconfig"; sourceTree = "<group>"; };
		13B07F961A680F5B00A75B9A /* Nüli - Debug.app */ = {isa = PBXFileReference; explicitFileType = wrapper.application; includeInIndex = 0; path = "Nüli - Debug.app"; sourceTree = BUILT_PRODUCTS_DIR; };
		13B07FAF1A68108700A75B9A /* AppDelegate.h */ = {isa = PBXFileReference; fileEncoding = 4; lastKnownFileType = sourcecode.c.h; name = AppDelegate.h; path = Nuli/AppDelegate.h; sourceTree = "<group>"; };
		13B07FB01A68108700A75B9A /* AppDelegate.m */ = {isa = PBXFileReference; fileEncoding = 4; lastKnownFileType = sourcecode.c.objc; name = AppDelegate.m; path = Nuli/AppDelegate.m; sourceTree = "<group>"; };
		13B07FB51A68108700A75B9A /* Images.xcassets */ = {isa = PBXFileReference; lastKnownFileType = folder.assetcatalog; name = Images.xcassets; path = Nuli/Images.xcassets; sourceTree = "<group>"; };
		13B07FB61A68108700A75B9A /* Info.plist */ = {isa = PBXFileReference; fileEncoding = 4; lastKnownFileType = text.plist.xml; name = Info.plist; path = Nuli/Info.plist; sourceTree = "<group>"; };
		13B07FB71A68108700A75B9A /* main.m */ = {isa = PBXFileReference; fileEncoding = 4; lastKnownFileType = sourcecode.c.objc; name = main.m; path = Nuli/main.m; sourceTree = "<group>"; };
		1426500323EC563600073BC7 /* login.mp4 */ = {isa = PBXFileReference; lastKnownFileType = file; name = login.mp4; path = ../../android/app/src/main/res/raw/login.mp4; sourceTree = "<group>"; };
		1443EC8423ED2FEB00AC9FB0 /* StoreKit.framework */ = {isa = PBXFileReference; lastKnownFileType = wrapper.framework; name = StoreKit.framework; path = System/Library/Frameworks/StoreKit.framework; sourceTree = SDKROOT; };
		145067D323F51C5600A58754 /* English */ = {isa = PBXFileReference; lastKnownFileType = text.plist.strings; name = English; path = English.lproj/InfoPlist.strings; sourceTree = "<group>"; };
		145067D523F51C6200A58754 /* zh-Hant */ = {isa = PBXFileReference; lastKnownFileType = text.plist.strings; name = "zh-Hant"; path = "zh-Hant.lproj/InfoPlist.strings"; sourceTree = "<group>"; };
		145067D623F51C6300A58754 /* en */ = {isa = PBXFileReference; lastKnownFileType = text.plist.strings; name = en; path = en.lproj/InfoPlist.strings; sourceTree = "<group>"; };
		1464EE5423EC6AE100E3590E /* WorkSans-Black.ttf */ = {isa = PBXFileReference; lastKnownFileType = file; name = "WorkSans-Black.ttf"; path = "../../android/app/src/main/assets/fonts/WorkSans-Black.ttf"; sourceTree = "<group>"; };
		1493E60F241ADE0E00B069CD /* countdown_3_en.mp3 */ = {isa = PBXFileReference; lastKnownFileType = audio.mp3; name = countdown_3_en.mp3; path = ../../android/app/src/main/res/raw/countdown_3_en.mp3; sourceTree = "<group>"; };
		1493E610241ADE0E00B069CD /* countdown_1_en.mp3 */ = {isa = PBXFileReference; lastKnownFileType = audio.mp3; name = countdown_1_en.mp3; path = ../../android/app/src/main/res/raw/countdown_1_en.mp3; sourceTree = "<group>"; };
		1493E611241ADE0E00B069CD /* countdown_2_zh.mp3 */ = {isa = PBXFileReference; lastKnownFileType = audio.mp3; name = countdown_2_zh.mp3; path = ../../android/app/src/main/res/raw/countdown_2_zh.mp3; sourceTree = "<group>"; };
		1493E612241ADE0E00B069CD /* countdown_2_en.mp3 */ = {isa = PBXFileReference; lastKnownFileType = audio.mp3; name = countdown_2_en.mp3; path = ../../android/app/src/main/res/raw/countdown_2_en.mp3; sourceTree = "<group>"; };
		1493E613241ADE0E00B069CD /* countdown_go_en.mp3 */ = {isa = PBXFileReference; lastKnownFileType = audio.mp3; name = countdown_go_en.mp3; path = ../../android/app/src/main/res/raw/countdown_go_en.mp3; sourceTree = "<group>"; };
		1493E614241ADE0E00B069CD /* countdown_1_zh.mp3 */ = {isa = PBXFileReference; lastKnownFileType = audio.mp3; name = countdown_1_zh.mp3; path = ../../android/app/src/main/res/raw/countdown_1_zh.mp3; sourceTree = "<group>"; };
		1493E615241ADE0E00B069CD /* countdown_go_zh.mp3 */ = {isa = PBXFileReference; lastKnownFileType = audio.mp3; name = countdown_go_zh.mp3; path = ../../android/app/src/main/res/raw/countdown_go_zh.mp3; sourceTree = "<group>"; };
		1493E616241ADE0E00B069CD /* countdown_3_zh.mp3 */ = {isa = PBXFileReference; lastKnownFileType = audio.mp3; name = countdown_3_zh.mp3; path = ../../android/app/src/main/res/raw/countdown_3_zh.mp3; sourceTree = "<group>"; };
		14CF391024AE5A08004C1728 /* LaunchScreen.storyboard */ = {isa = PBXFileReference; lastKnownFileType = file.storyboard; path = LaunchScreen.storyboard; sourceTree = "<group>"; };
		14EB541E242BB87B0051985A /* countdown_beep_end.mp3 */ = {isa = PBXFileReference; lastKnownFileType = audio.mp3; name = countdown_beep_end.mp3; path = ../../android/app/src/main/res/raw/countdown_beep_end.mp3; sourceTree = "<group>"; };
		14EB541F242BB87C0051985A /* countdown_beep.mp3 */ = {isa = PBXFileReference; lastKnownFileType = audio.mp3; name = countdown_beep.mp3; path = ../../android/app/src/main/res/raw/countdown_beep.mp3; sourceTree = "<group>"; };
		4AFA02BAE6FBCA986DFB7B83 /* Pods-Nuli.release.xcconfig */ = {isa = PBXFileReference; includeInIndex = 1; lastKnownFileType = text.xcconfig; name = "Pods-Nuli.release.xcconfig"; path = "Target Support Files/Pods-Nuli/Pods-Nuli.release.xcconfig"; sourceTree = "<group>"; };
		7229D8521F59FFD506ADA5DB /* libPods-OneSignalNotificationServiceExtension.a */ = {isa = PBXFileReference; explicitFileType = archive.ar; includeInIndex = 0; path = "libPods-OneSignalNotificationServiceExtension.a"; sourceTree = BUILT_PRODUCTS_DIR; };
		76BCE98781AA836085B04547 /* libPods-Nuli.a */ = {isa = PBXFileReference; explicitFileType = archive.ar; includeInIndex = 0; path = "libPods-Nuli.a"; sourceTree = BUILT_PRODUCTS_DIR; };
		7ABA59BF17614626A2131975 /* Pods-OneSignalNotificationServiceExtension.release.xcconfig */ = {isa = PBXFileReference; includeInIndex = 1; lastKnownFileType = text.xcconfig; name = "Pods-OneSignalNotificationServiceExtension.release.xcconfig"; path = "Target Support Files/Pods-OneSignalNotificationServiceExtension/Pods-OneSignalNotificationServiceExtension.release.xcconfig"; sourceTree = "<group>"; };
		821D8E38894E98C7822EEE16 /* Pods-Nuli.debug.xcconfig */ = {isa = PBXFileReference; includeInIndex = 1; lastKnownFileType = text.xcconfig; name = "Pods-Nuli.debug.xcconfig"; path = "Target Support Files/Pods-Nuli/Pods-Nuli.debug.xcconfig"; sourceTree = "<group>"; };
		9B86B360F23A831A5FB27FE0 /* Pods-OneSignalNotificationServiceExtension.staging.xcconfig */ = {isa = PBXFileReference; includeInIndex = 1; lastKnownFileType = text.xcconfig; name = "Pods-OneSignalNotificationServiceExtension.staging.xcconfig"; path = "Target Support Files/Pods-OneSignalNotificationServiceExtension/Pods-OneSignalNotificationServiceExtension.staging.xcconfig"; sourceTree = "<group>"; };
		A8EC1810598CA8A4263A8545 /* Pods-OneSignalNotificationServiceExtension.debug.xcconfig */ = {isa = PBXFileReference; includeInIndex = 1; lastKnownFileType = text.xcconfig; name = "Pods-OneSignalNotificationServiceExtension.debug.xcconfig"; path = "Target Support Files/Pods-OneSignalNotificationServiceExtension/Pods-OneSignalNotificationServiceExtension.debug.xcconfig"; sourceTree = "<group>"; };
		D2A899A0246E992000EE2EDD /* OneSignalNotificationServiceExtension.appex */ = {isa = PBXFileReference; explicitFileType = "wrapper.app-extension"; includeInIndex = 0; path = OneSignalNotificationServiceExtension.appex; sourceTree = BUILT_PRODUCTS_DIR; };
		D2A899A2246E992000EE2EDD /* NotificationService.h */ = {isa = PBXFileReference; lastKnownFileType = sourcecode.c.h; path = NotificationService.h; sourceTree = "<group>"; };
		D2A899A3246E992000EE2EDD /* NotificationService.m */ = {isa = PBXFileReference; lastKnownFileType = sourcecode.c.objc; path = NotificationService.m; sourceTree = "<group>"; };
		D2A899A5246E992000EE2EDD /* Info.plist */ = {isa = PBXFileReference; lastKnownFileType = text.plist.xml; path = Info.plist; sourceTree = "<group>"; };
		D2EEB72C247407C200DB27EE /* OneSignalNotificationServiceExtension.entitlements */ = {isa = PBXFileReference; lastKnownFileType = text.plist.entitlements; path = OneSignalNotificationServiceExtension.entitlements; sourceTree = "<group>"; };
		DC158DDE24A2134B00602E3B /* Nuli-Bridging-Header.h */ = {isa = PBXFileReference; lastKnownFileType = sourcecode.c.h; path = "Nuli-Bridging-Header.h"; sourceTree = "<group>"; };
		DC158DE124A213CC00602E3B /* File.swift */ = {isa = PBXFileReference; lastKnownFileType = sourcecode.swift; path = File.swift; sourceTree = "<group>"; };
		E914E48B23E036DD00B74A11 /* GoogleService-Info.plist */ = {isa = PBXFileReference; fileEncoding = 4; lastKnownFileType = text.plist.xml; path = "GoogleService-Info.plist"; sourceTree = "<group>"; };
		E914E48D23E036FF00B74A11 /* GoogleService-Info.plist */ = {isa = PBXFileReference; fileEncoding = 4; lastKnownFileType = text.plist.xml; path = "GoogleService-Info.plist"; sourceTree = "<group>"; };
		E97CE03E23DAF6E20069E66C /* Nüli - Debug.entitlements */ = {isa = PBXFileReference; lastKnownFileType = text.plist.entitlements; name = "Nüli - Debug.entitlements"; path = "Nuli/Nüli - Debug.entitlements"; sourceTree = "<group>"; };
		E98B387123D7365D00ED8311 /* container */ = {isa = PBXFileReference; lastKnownFileType = folder; path = container; sourceTree = "<group>"; };
		E99966AB23F5569600E3267F /* KeepAwakeManager.h */ = {isa = PBXFileReference; lastKnownFileType = sourcecode.c.h; name = KeepAwakeManager.h; path = Nuli/KeepAwakeManager.h; sourceTree = "<group>"; };
		E99966AC23F556BE00E3267F /* KeepAwakeManager.m */ = {isa = PBXFileReference; lastKnownFileType = sourcecode.c.objc; name = KeepAwakeManager.m; path = Nuli/KeepAwakeManager.m; sourceTree = "<group>"; };
		E9E98F4D237AA41A002C17DE /* WorkSans-Bold.ttf */ = {isa = PBXFileReference; lastKnownFileType = file; name = "WorkSans-Bold.ttf"; path = "../../android/app/src/main/assets/fonts/WorkSans-Bold.ttf"; sourceTree = "<group>"; };
		E9E98F4E237AA41A002C17DE /* WorkSans-Regular.ttf */ = {isa = PBXFileReference; lastKnownFileType = file; name = "WorkSans-Regular.ttf"; path = "../../android/app/src/main/assets/fonts/WorkSans-Regular.ttf"; sourceTree = "<group>"; };
		E9E98F4F237AA41A002C17DE /* WorkSans-Light.ttf */ = {isa = PBXFileReference; lastKnownFileType = file; name = "WorkSans-Light.ttf"; path = "../../android/app/src/main/assets/fonts/WorkSans-Light.ttf"; sourceTree = "<group>"; };
		E9E98F50237AA41A002C17DE /* OpenSans-Regular.ttf */ = {isa = PBXFileReference; lastKnownFileType = file; name = "OpenSans-Regular.ttf"; path = "../../android/app/src/main/assets/fonts/OpenSans-Regular.ttf"; sourceTree = "<group>"; };
		E9E98F51237AA41A002C17DE /* OpenSans-Bold.ttf */ = {isa = PBXFileReference; lastKnownFileType = file; name = "OpenSans-Bold.ttf"; path = "../../android/app/src/main/assets/fonts/OpenSans-Bold.ttf"; sourceTree = "<group>"; };
		E9E98F52237AA41A002C17DE /* OpenSans-Light.ttf */ = {isa = PBXFileReference; lastKnownFileType = file; name = "OpenSans-Light.ttf"; path = "../../android/app/src/main/assets/fonts/OpenSans-Light.ttf"; sourceTree = "<group>"; };
		E9F7767E23E32A3C00AE9CC0 /* GoogleService-Info.plist */ = {isa = PBXFileReference; fileEncoding = 4; lastKnownFileType = text.plist.xml; path = "GoogleService-Info.plist"; sourceTree = "<group>"; };
		E9F7768223E330AC00AE9CC0 /* Nüli - Staging.entitlements */ = {isa = PBXFileReference; fileEncoding = 4; lastKnownFileType = text.plist.entitlements; name = "Nüli - Staging.entitlements"; path = "Nuli/Nüli - Staging.entitlements"; sourceTree = "<group>"; };
		E9F7768323E330AD00AE9CC0 /* Nüli - Release.entitlements */ = {isa = PBXFileReference; fileEncoding = 4; lastKnownFileType = text.plist.entitlements; name = "Nüli - Release.entitlements"; path = "Nuli/Nüli - Release.entitlements"; sourceTree = "<group>"; };
		ED297162215061F000B7C4FE /* JavaScriptCore.framework */ = {isa = PBXFileReference; lastKnownFileType = wrapper.framework; name = JavaScriptCore.framework; path = System/Library/Frameworks/JavaScriptCore.framework; sourceTree = SDKROOT; };
		ED2971642150620600B7C4FE /* JavaScriptCore.framework */ = {isa = PBXFileReference; lastKnownFileType = wrapper.framework; name = JavaScriptCore.framework; path = Platforms/AppleTVOS.platform/Developer/SDKs/AppleTVOS12.0.sdk/System/Library/Frameworks/JavaScriptCore.framework; sourceTree = DEVELOPER_DIR; };
/* End PBXFileReference section */

/* Begin PBXFrameworksBuildPhase section */
		13B07F8C1A680F5B00A75B9A /* Frameworks */ = {
			isa = PBXFrameworksBuildPhase;
			buildActionMask = 2147483647;
			files = (
				1443EC8523ED2FEB00AC9FB0 /* StoreKit.framework in Frameworks */,
				B77B249E9E2772210733DBD7 /* libPods-Nuli.a in Frameworks */,
			);
			runOnlyForDeploymentPostprocessing = 0;
		};
		D2A8999D246E992000EE2EDD /* Frameworks */ = {
			isa = PBXFrameworksBuildPhase;
			buildActionMask = 2147483647;
			files = (
				2AA78B903FF0EF7AECA961B1 /* libPods-OneSignalNotificationServiceExtension.a in Frameworks */,
			);
			runOnlyForDeploymentPostprocessing = 0;
		};
/* End PBXFrameworksBuildPhase section */

/* Begin PBXGroup section */
		13B07FAE1A68108700A75B9A /* Nuli */ = {
			isa = PBXGroup;
			children = (
				E9F7768323E330AD00AE9CC0 /* Nüli - Release.entitlements */,
				E9F7768223E330AC00AE9CC0 /* Nüli - Staging.entitlements */,
				E97CE03E23DAF6E20069E66C /* Nüli - Debug.entitlements */,
				E98B387123D7365D00ED8311 /* container */,
				E951EEF523ACCE2300CF7332 /* Firebase */,
				008F07F21AC5B25A0029DE68 /* main.jsbundle */,
				13B07FAF1A68108700A75B9A /* AppDelegate.h */,
				13B07FB01A68108700A75B9A /* AppDelegate.m */,
				13B07FB51A68108700A75B9A /* Images.xcassets */,
				13B07FB61A68108700A75B9A /* Info.plist */,
				13B07FB71A68108700A75B9A /* main.m */,
				145067D423F51C5600A58754 /* InfoPlist.strings */,
				E99966AB23F5569600E3267F /* KeepAwakeManager.h */,
				E99966AC23F556BE00E3267F /* KeepAwakeManager.m */,
				14CF391024AE5A08004C1728 /* LaunchScreen.storyboard */,
			);
			name = Nuli;
			sourceTree = "<group>";
		};
		2D16E6871FA4F8E400B85C8A /* Frameworks */ = {
			isa = PBXGroup;
			children = (
				1443EC8423ED2FEB00AC9FB0 /* StoreKit.framework */,
				ED297162215061F000B7C4FE /* JavaScriptCore.framework */,
				ED2971642150620600B7C4FE /* JavaScriptCore.framework */,
				76BCE98781AA836085B04547 /* libPods-Nuli.a */,
				7229D8521F59FFD506ADA5DB /* libPods-OneSignalNotificationServiceExtension.a */,
			);
			name = Frameworks;
			sourceTree = "<group>";
		};
		5341A65F0DCD3857CE35D53E /* Pods */ = {
			isa = PBXGroup;
			children = (
				821D8E38894E98C7822EEE16 /* Pods-Nuli.debug.xcconfig */,
				4AFA02BAE6FBCA986DFB7B83 /* Pods-Nuli.release.xcconfig */,
				11F389CF93296A2B1D365D13 /* Pods-Nuli.staging.xcconfig */,
				A8EC1810598CA8A4263A8545 /* Pods-OneSignalNotificationServiceExtension.debug.xcconfig */,
				7ABA59BF17614626A2131975 /* Pods-OneSignalNotificationServiceExtension.release.xcconfig */,
				9B86B360F23A831A5FB27FE0 /* Pods-OneSignalNotificationServiceExtension.staging.xcconfig */,
			);
			path = Pods;
			sourceTree = "<group>";
		};
		832341AE1AAA6A7D00B99B32 /* Libraries */ = {
			isa = PBXGroup;
			children = (
			);
			name = Libraries;
			sourceTree = "<group>";
		};
		83CBB9F61A601CBA00E9B192 = {
			isa = PBXGroup;
			children = (
				DC158DE124A213CC00602E3B /* File.swift */,
				E9E98F4C237AA3B1002C17DE /* Resources */,
				13B07FAE1A68108700A75B9A /* Nuli */,
				832341AE1AAA6A7D00B99B32 /* Libraries */,
				D2A899A1246E992000EE2EDD /* OneSignalNotificationServiceExtension */,
				83CBBA001A601CBA00E9B192 /* Products */,
				2D16E6871FA4F8E400B85C8A /* Frameworks */,
				5341A65F0DCD3857CE35D53E /* Pods */,
				DC158DDE24A2134B00602E3B /* Nuli-Bridging-Header.h */,
			);
			indentWidth = 2;
			sourceTree = "<group>";
			tabWidth = 2;
			usesTabs = 0;
		};
		83CBBA001A601CBA00E9B192 /* Products */ = {
			isa = PBXGroup;
			children = (
				13B07F961A680F5B00A75B9A /* Nüli - Debug.app */,
				D2A899A0246E992000EE2EDD /* OneSignalNotificationServiceExtension.appex */,
			);
			name = Products;
			sourceTree = "<group>";
		};
		D2A899A1246E992000EE2EDD /* OneSignalNotificationServiceExtension */ = {
			isa = PBXGroup;
			children = (
				D2EEB72C247407C200DB27EE /* OneSignalNotificationServiceExtension.entitlements */,
				D2A899A2246E992000EE2EDD /* NotificationService.h */,
				D2A899A3246E992000EE2EDD /* NotificationService.m */,
				D2A899A5246E992000EE2EDD /* Info.plist */,
			);
			path = OneSignalNotificationServiceExtension;
			sourceTree = "<group>";
		};
		E951EEF523ACCE2300CF7332 /* Firebase */ = {
			isa = PBXGroup;
			children = (
				E951EEF823ACCE2300CF7332 /* Debug */,
				E9F7767D23E32A3C00AE9CC0 /* Staging */,
				E951EEF623ACCE2300CF7332 /* Release */,
			);
			name = Firebase;
			path = Nuli/Firebase;
			sourceTree = "<group>";
		};
		E951EEF623ACCE2300CF7332 /* Release */ = {
			isa = PBXGroup;
			children = (
				E914E48B23E036DD00B74A11 /* GoogleService-Info.plist */,
			);
			path = Release;
			sourceTree = "<group>";
		};
		E951EEF823ACCE2300CF7332 /* Debug */ = {
			isa = PBXGroup;
			children = (
				E914E48D23E036FF00B74A11 /* GoogleService-Info.plist */,
			);
			path = Debug;
			sourceTree = "<group>";
		};
		E9E98F4C237AA3B1002C17DE /* Resources */ = {
			isa = PBXGroup;
			children = (
				1493E610241ADE0E00B069CD /* countdown_1_en.mp3 */,
				1493E614241ADE0E00B069CD /* countdown_1_zh.mp3 */,
				1493E612241ADE0E00B069CD /* countdown_2_en.mp3 */,
				1493E611241ADE0E00B069CD /* countdown_2_zh.mp3 */,
				1493E60F241ADE0E00B069CD /* countdown_3_en.mp3 */,
				1493E616241ADE0E00B069CD /* countdown_3_zh.mp3 */,
				1493E613241ADE0E00B069CD /* countdown_go_en.mp3 */,
				1493E615241ADE0E00B069CD /* countdown_go_zh.mp3 */,
				14EB541E242BB87B0051985A /* countdown_beep_end.mp3 */,
				14EB541F242BB87C0051985A /* countdown_beep.mp3 */,
				1426500323EC563600073BC7 /* login.mp4 */,
				E9E98F51237AA41A002C17DE /* OpenSans-Bold.ttf */,
				E9E98F52237AA41A002C17DE /* OpenSans-Light.ttf */,
				E9E98F50237AA41A002C17DE /* OpenSans-Regular.ttf */,
				1464EE5423EC6AE100E3590E /* WorkSans-Black.ttf */,
				E9E98F4D237AA41A002C17DE /* WorkSans-Bold.ttf */,
				E9E98F4F237AA41A002C17DE /* WorkSans-Light.ttf */,
				E9E98F4E237AA41A002C17DE /* WorkSans-Regular.ttf */,
			);
			path = Resources;
			sourceTree = "<group>";
		};
		E9F7767D23E32A3C00AE9CC0 /* Staging */ = {
			isa = PBXGroup;
			children = (
				E9F7767E23E32A3C00AE9CC0 /* GoogleService-Info.plist */,
			);
			path = Staging;
			sourceTree = "<group>";
		};
/* End PBXGroup section */

/* Begin PBXNativeTarget section */
		13B07F861A680F5B00A75B9A /* Nuli */ = {
			isa = PBXNativeTarget;
			buildConfigurationList = 13B07F931A680F5B00A75B9A /* Build configuration list for PBXNativeTarget "Nuli" */;
			buildPhases = (
				8D9B73A8894D33097FF57F57 /* [CP] Check Pods Manifest.lock */,
				E947B13223B0CECE00FE03DB /* Generate .env */,
				FD10A7F022414F080027D42C /* Start Packager */,
				13B07F871A680F5B00A75B9A /* Sources */,
				13B07F8C1A680F5B00A75B9A /* Frameworks */,
				E951EEFA23ACCE6A00CF7332 /* Setup Firebase Environment GoogleService-Info.plist */,
				13B07F8E1A680F5B00A75B9A /* Resources */,
				00DD1BFF1BD5951E006B06BC /* Bundle React Native code and images */,
				E909D13423B11BCF00DB9811 /* Setup Fabric for Firebase Crashlytics */,
				D2A8999B246D8FEA00EE2EDD /* Embed App Extensions */,
				B0F16C59ECFC84A54CB71BA3 /* [CP] Copy Pods Resources */,
				034D0063773E24A37AD66D6C /* [CP-User] [RNFB] Core Configuration */,
				5CAAC053D8CE6D152000E9AE /* [CP-User] [RNFB] Crashlytics Configuration */,
			);
			buildRules = (
			);
			dependencies = (
				D2A899A7246E992000EE2EDD /* PBXTargetDependency */,
			);
			name = Nuli;
			productName = Nuli;
			productReference = 13B07F961A680F5B00A75B9A /* Nüli - Debug.app */;
			productType = "com.apple.product-type.application";
		};
		D2A8999F246E992000EE2EDD /* OneSignalNotificationServiceExtension */ = {
			isa = PBXNativeTarget;
			buildConfigurationList = D2A899A9246E992100EE2EDD /* Build configuration list for PBXNativeTarget "OneSignalNotificationServiceExtension" */;
			buildPhases = (
				486A53DB2D97450D79186EDF /* [CP] Check Pods Manifest.lock */,
				D2A8999C246E992000EE2EDD /* Sources */,
				D2A8999D246E992000EE2EDD /* Frameworks */,
				D2A8999E246E992000EE2EDD /* Resources */,
			);
			buildRules = (
			);
			dependencies = (
			);
			name = OneSignalNotificationServiceExtension;
			productName = OneSignalNotificationServiceExtension;
			productReference = D2A899A0246E992000EE2EDD /* OneSignalNotificationServiceExtension.appex */;
			productType = "com.apple.product-type.app-extension";
		};
/* End PBXNativeTarget section */

/* Begin PBXProject section */
		83CBB9F71A601CBA00E9B192 /* Project object */ = {
			isa = PBXProject;
			attributes = {
				DefaultBuildSystemTypeForWorkspace = Original;
				LastSwiftUpdateCheck = 1130;
				LastUpgradeCheck = 0940;
				ORGANIZATIONNAME = Facebook;
				TargetAttributes = {
					13B07F861A680F5B00A75B9A = {
						DevelopmentTeam = BA85ST5WJS;
						LastSwiftMigration = 1150;
						ProvisioningStyle = Manual;
					};
					D2A8999F246E992000EE2EDD = {
						CreatedOnToolsVersion = 11.3.1;
						DevelopmentTeam = BA85ST5WJS;
						ProvisioningStyle = Manual;
					};
				};
			};
			buildConfigurationList = 83CBB9FA1A601CBA00E9B192 /* Build configuration list for PBXProject "Nuli" */;
			compatibilityVersion = "Xcode 3.2";
			developmentRegion = English;
			hasScannedForEncodings = 0;
			knownRegions = (
				English,
				Base,
				"zh-Hant",
				en,
			);
			mainGroup = 83CBB9F61A601CBA00E9B192;
			productRefGroup = 83CBBA001A601CBA00E9B192 /* Products */;
			projectDirPath = "";
			projectRoot = "";
			targets = (
				13B07F861A680F5B00A75B9A /* Nuli */,
				D2A8999F246E992000EE2EDD /* OneSignalNotificationServiceExtension */,
			);
		};
/* End PBXProject section */

/* Begin PBXResourcesBuildPhase section */
		13B07F8E1A680F5B00A75B9A /* Resources */ = {
			isa = PBXResourcesBuildPhase;
			buildActionMask = 2147483647;
			files = (
				1464EE5523EC6AE100E3590E /* WorkSans-Black.ttf in Resources */,
				145067D223F51C5600A58754 /* InfoPlist.strings in Resources */,
				E98B387223D7365D00ED8311 /* container in Resources */,
				13B07FBF1A68108700A75B9A /* Images.xcassets in Resources */,
				1493E61E241ADE0E00B069CD /* countdown_3_zh.mp3 in Resources */,
				1493E617241ADE0E00B069CD /* countdown_3_en.mp3 in Resources */,
				1493E618241ADE0E00B069CD /* countdown_1_en.mp3 in Resources */,
				1493E619241ADE0E00B069CD /* countdown_2_zh.mp3 in Resources */,
				14EB5420242BB87C0051985A /* countdown_beep_end.mp3 in Resources */,
				1426500623EC563700073BC7 /* login.mp4 in Resources */,
				E9E98F57237AA41A002C17DE /* OpenSans-Bold.ttf in Resources */,
				E9E98F58237AA41A002C17DE /* OpenSans-Light.ttf in Resources */,
				1493E61B241ADE0E00B069CD /* countdown_go_en.mp3 in Resources */,
				E9E98F53237AA41A002C17DE /* WorkSans-Bold.ttf in Resources */,
				1493E61D241ADE0E00B069CD /* countdown_go_zh.mp3 in Resources */,
				1493E61C241ADE0E00B069CD /* countdown_1_zh.mp3 in Resources */,
				1493E61A241ADE0E00B069CD /* countdown_2_en.mp3 in Resources */,
				14EB5421242BB87C0051985A /* countdown_beep.mp3 in Resources */,
				E9E98F54237AA41A002C17DE /* WorkSans-Regular.ttf in Resources */,
				E9E98F56237AA41A002C17DE /* OpenSans-Regular.ttf in Resources */,
				14CF391124AE5A08004C1728 /* LaunchScreen.storyboard in Resources */,
				E9E98F55237AA41A002C17DE /* WorkSans-Light.ttf in Resources */,
			);
			runOnlyForDeploymentPostprocessing = 0;
		};
		D2A8999E246E992000EE2EDD /* Resources */ = {
			isa = PBXResourcesBuildPhase;
			buildActionMask = 2147483647;
			files = (
			);
			runOnlyForDeploymentPostprocessing = 0;
		};
/* End PBXResourcesBuildPhase section */

/* Begin PBXShellScriptBuildPhase section */
		00DD1BFF1BD5951E006B06BC /* Bundle React Native code and images */ = {
			isa = PBXShellScriptBuildPhase;
			buildActionMask = 12;
			files = (
			);
			inputPaths = (
			);
			name = "Bundle React Native code and images";
			outputPaths = (
			);
			runOnlyForDeploymentPostprocessing = 0;
			shellPath = /bin/sh;
			shellScript = "export NODE_BINARY=node\n../node_modules/react-native/scripts/react-native-xcode.sh\n";
		};
		034D0063773E24A37AD66D6C /* [CP-User] [RNFB] Core Configuration */ = {
			isa = PBXShellScriptBuildPhase;
			buildActionMask = 2147483647;
			files = (
			);
			name = "[CP-User] [RNFB] Core Configuration";
			runOnlyForDeploymentPostprocessing = 0;
			shellPath = /bin/sh;
			shellScript = "#!/usr/bin/env bash\n#\n# Copyright (c) 2016-present Invertase Limited & Contributors\n#\n# Licensed under the Apache License, Version 2.0 (the \"License\");\n# you may not use this library except in compliance with the License.\n# You may obtain a copy of the License at\n#\n#   http://www.apache.org/licenses/LICENSE-2.0\n#\n# Unless required by applicable law or agreed to in writing, software\n# distributed under the License is distributed on an \"AS IS\" BASIS,\n# WITHOUT WARRANTIES OR CONDITIONS OF ANY KIND, either express or implied.\n# See the License for the specific language governing permissions and\n# limitations under the License.\n#\nset -e\n\n_MAX_LOOKUPS=2;\n_SEARCH_RESULT=''\n_RN_ROOT_EXISTS=''\n_CURRENT_LOOKUPS=1\n_JSON_ROOT=\"'react-native'\"\n_JSON_FILE_NAME='firebase.json'\n_JSON_OUTPUT_BASE64='e30=' # { }\n_CURRENT_SEARCH_DIR=${PROJECT_DIR}\n_PLIST_BUDDY=/usr/libexec/PlistBuddy\n_TARGET_PLIST=\"${BUILT_PRODUCTS_DIR}/${INFOPLIST_PATH}\"\n_DSYM_PLIST=\"${DWARF_DSYM_FOLDER_PATH}/${DWARF_DSYM_FILE_NAME}/Contents/Info.plist\"\n\n# plist arrays\n_PLIST_ENTRY_KEYS=()\n_PLIST_ENTRY_TYPES=()\n_PLIST_ENTRY_VALUES=()\n\nfunction setPlistValue {\n  echo \"info:      setting plist entry '$1' of type '$2' in file '$4'\"\n  ${_PLIST_BUDDY} -c \"Add :$1 $2 '$3'\" $4 || echo \"info:      '$1' already exists\"\n}\n\nfunction getFirebaseJsonKeyValue () {\n  if [[ ${_RN_ROOT_EXISTS} ]]; then\n    ruby -e \"require 'rubygems';require 'json'; output=JSON.parse('$1'); puts output[$_JSON_ROOT]['$2']\"\n  else\n    echo \"\"\n  fi;\n}\n\nfunction jsonBoolToYesNo () {\n  if [[ $1 == \"false\" ]]; then\n    echo \"NO\"\n  elif [[ $1 == \"true\" ]]; then\n    echo \"YES\"\n  else echo \"NO\"\n  fi\n}\n\necho \"info: -> RNFB build script started\"\necho \"info: 1) Locating ${_JSON_FILE_NAME} file:\"\n\nif [[ -z ${_CURRENT_SEARCH_DIR} ]]; then\n  _CURRENT_SEARCH_DIR=$(pwd)\nfi;\n\nwhile true; do\n  _CURRENT_SEARCH_DIR=$(dirname \"$_CURRENT_SEARCH_DIR\")\n  if [[ \"$_CURRENT_SEARCH_DIR\" == \"/\" ]] || [[ ${_CURRENT_LOOKUPS} -gt ${_MAX_LOOKUPS} ]]; then break; fi;\n  echo \"info:      ($_CURRENT_LOOKUPS of $_MAX_LOOKUPS) Searching in '$_CURRENT_SEARCH_DIR' for a ${_JSON_FILE_NAME} file.\"\n  _SEARCH_RESULT=$(find \"$_CURRENT_SEARCH_DIR\" -maxdepth 2 -name ${_JSON_FILE_NAME} -print | head -n 1)\n  if [[ ${_SEARCH_RESULT} ]]; then\n    echo \"info:      ${_JSON_FILE_NAME} found at $_SEARCH_RESULT\"\n    break;\n  fi;\n  _CURRENT_LOOKUPS=$((_CURRENT_LOOKUPS+1))\ndone\n\nif [[ ${_SEARCH_RESULT} ]]; then\n  _JSON_OUTPUT_RAW=$(cat \"${_SEARCH_RESULT}\")\n  _RN_ROOT_EXISTS=$(ruby -e \"require 'rubygems';require 'json'; output=JSON.parse('$_JSON_OUTPUT_RAW'); puts output[$_JSON_ROOT]\" || echo '')\n\n  if [[ ${_RN_ROOT_EXISTS} ]]; then\n    _JSON_OUTPUT_BASE64=$(python -c 'import json,sys,base64;print(base64.b64encode(json.dumps(json.loads(open('\"'${_SEARCH_RESULT}'\"').read())['${_JSON_ROOT}'])))' || echo \"e30=\")\n  fi\n\n  _PLIST_ENTRY_KEYS+=(\"firebase_json_raw\")\n  _PLIST_ENTRY_TYPES+=(\"string\")\n  _PLIST_ENTRY_VALUES+=(\"$_JSON_OUTPUT_BASE64\")\n\n  # config.messaging_auto_init_enabled\n  _MESSAGING_AUTO_INIT=$(getFirebaseJsonKeyValue \"$_JSON_OUTPUT_RAW\" \"messaging_auto_init_enabled\")\n  if [[ $_MESSAGING_AUTO_INIT ]]; then\n    _PLIST_ENTRY_KEYS+=(\"FirebaseMessagingAutoInitEnabled\")\n    _PLIST_ENTRY_TYPES+=(\"bool\")\n    _PLIST_ENTRY_VALUES+=(\"$(jsonBoolToYesNo \"$_MESSAGING_AUTO_INIT\")\")\n  fi\n\n  # config.crashlytics_disable_auto_disabler - undocumented for now - mainly for debugging, document if becomes usful\n  _CRASHLYTICS_AUTO_DISABLE_ENABLED=$(getFirebaseJsonKeyValue \"$_JSON_OUTPUT_RAW\" \"crashlytics_disable_auto_disabler\")\n  if [[ $_CRASHLYTICS_AUTO_DISABLE_ENABLED == \"true\" ]]; then\n    echo \"Disabled Crashlytics auto disabler.\" # do nothing\n  else\n    _PLIST_ENTRY_KEYS+=(\"firebase_crashlytics_collection_enabled\")\n    _PLIST_ENTRY_TYPES+=(\"bool\")\n    _PLIST_ENTRY_VALUES+=(\"NO\")\n  fi\n\n  # config.admob_delay_app_measurement_init\n  _ADMOB_DELAY_APP_MEASUREMENT=$(getFirebaseJsonKeyValue \"$_JSON_OUTPUT_RAW\" \"admob_delay_app_measurement_init\")\n  if [[ $_ADMOB_DELAY_APP_MEASUREMENT == \"true\" ]]; then\n    _PLIST_ENTRY_KEYS+=(\"GADDelayAppMeasurementInit\")\n    _PLIST_ENTRY_TYPES+=(\"bool\")\n    _PLIST_ENTRY_VALUES+=(\"YES\")\n  fi\n\n  # config.admob_ios_app_id\n  _ADMOB_IOS_APP_ID=$(getFirebaseJsonKeyValue \"$_JSON_OUTPUT_RAW\" \"admob_ios_app_id\")\n  if [[ $_ADMOB_IOS_APP_ID ]]; then\n    _PLIST_ENTRY_KEYS+=(\"GADApplicationIdentifier\")\n    _PLIST_ENTRY_TYPES+=(\"string\")\n    _PLIST_ENTRY_VALUES+=(\"$_ADMOB_IOS_APP_ID\")\n  fi\nelse\n  _PLIST_ENTRY_KEYS+=(\"firebase_json_raw\")\n  _PLIST_ENTRY_TYPES+=(\"string\")\n  _PLIST_ENTRY_VALUES+=(\"$_JSON_OUTPUT_BASE64\")\n  echo \"warning:   A firebase.json file was not found, whilst this file is optional it is recommended to include it to configure firebase services in React Native Firebase.\"\nfi;\n\necho \"info: 2) Injecting Info.plist entries: \"\n\n# Log out the keys we're adding\nfor i in \"${!_PLIST_ENTRY_KEYS[@]}\"; do\n  echo \"    ->  $i) ${_PLIST_ENTRY_KEYS[$i]}\" \"${_PLIST_ENTRY_TYPES[$i]}\" \"${_PLIST_ENTRY_VALUES[$i]}\"\ndone\n\nfor plist in \"${_TARGET_PLIST}\" \"${_DSYM_PLIST}\" ; do\n  if [[ -f \"${plist}\" ]]; then\n\n    # paths with spaces break the call to setPlistValue. temporarily modify\n    # the shell internal field separator variable (IFS), which normally \n    # includes spaces, to consist only of line breaks\n    oldifs=$IFS\n    IFS=\"\n\"\n\n    for i in \"${!_PLIST_ENTRY_KEYS[@]}\"; do\n      setPlistValue \"${_PLIST_ENTRY_KEYS[$i]}\" \"${_PLIST_ENTRY_TYPES[$i]}\" \"${_PLIST_ENTRY_VALUES[$i]}\" \"${plist}\"\n    done\n\n    # restore the original internal field separator value\n    IFS=$oldifs\n  else\n    echo \"warning:   A Info.plist build output file was not found (${plist})\"\n  fi\ndone\n\necho \"info: <- RNFB build script finished\"\n\n";
			showEnvVarsInLog = 0;
		};
		486A53DB2D97450D79186EDF /* [CP] Check Pods Manifest.lock */ = {
			isa = PBXShellScriptBuildPhase;
			buildActionMask = 2147483647;
			files = (
			);
			inputFileListPaths = (
			);
			inputPaths = (
				"${PODS_PODFILE_DIR_PATH}/Podfile.lock",
				"${PODS_ROOT}/Manifest.lock",
			);
			name = "[CP] Check Pods Manifest.lock";
			outputFileListPaths = (
			);
			outputPaths = (
				"$(DERIVED_FILE_DIR)/Pods-OneSignalNotificationServiceExtension-checkManifestLockResult.txt",
			);
			runOnlyForDeploymentPostprocessing = 0;
			shellPath = /bin/sh;
			shellScript = "diff \"${PODS_PODFILE_DIR_PATH}/Podfile.lock\" \"${PODS_ROOT}/Manifest.lock\" > /dev/null\nif [ $? != 0 ] ; then\n    # print error to STDERR\n    echo \"error: The sandbox is not in sync with the Podfile.lock. Run 'pod install' or update your CocoaPods installation.\" >&2\n    exit 1\nfi\n# This output is used by Xcode 'outputs' to avoid re-running this script phase.\necho \"SUCCESS\" > \"${SCRIPT_OUTPUT_FILE_0}\"\n";
			showEnvVarsInLog = 0;
		};
		5CAAC053D8CE6D152000E9AE /* [CP-User] [RNFB] Crashlytics Configuration */ = {
			isa = PBXShellScriptBuildPhase;
			buildActionMask = 2147483647;
			files = (
			);
			name = "[CP-User] [RNFB] Crashlytics Configuration";
			runOnlyForDeploymentPostprocessing = 0;
			shellPath = /bin/sh;
			shellScript = "#!/usr/bin/env bash\n#\n# Copyright (c) 2016-present Invertase Limited & Contributors\n#\n# Licensed under the Apache License, Version 2.0 (the \"License\");\n# you may not use this library except in compliance with the License.\n# You may obtain a copy of the License at\n#\n#   http://www.apache.org/licenses/LICENSE-2.0\n#\n# Unless required by applicable law or agreed to in writing, software\n# distributed under the License is distributed on an \"AS IS\" BASIS,\n# WITHOUT WARRANTIES OR CONDITIONS OF ANY KIND, either express or implied.\n# See the License for the specific language governing permissions and\n# limitations under the License.\n#\nset -e\n\nif [[ ${PODS_ROOT} ]]; then\n  echo \"info: Exec Fabric Run from Pods\"\n  \"${PODS_ROOT}/Fabric/run\"\nelse\n  echo \"info: Exec Fabric Run from framework\"\n  \"${PROJECT_DIR}/Fabric.framework/run\"\nfi\n";
			showEnvVarsInLog = 0;
		};
		8D9B73A8894D33097FF57F57 /* [CP] Check Pods Manifest.lock */ = {
			isa = PBXShellScriptBuildPhase;
			buildActionMask = 2147483647;
			files = (
			);
			inputFileListPaths = (
			);
			inputPaths = (
				"${PODS_PODFILE_DIR_PATH}/Podfile.lock",
				"${PODS_ROOT}/Manifest.lock",
			);
			name = "[CP] Check Pods Manifest.lock";
			outputFileListPaths = (
			);
			outputPaths = (
				"$(DERIVED_FILE_DIR)/Pods-Nuli-checkManifestLockResult.txt",
			);
			runOnlyForDeploymentPostprocessing = 0;
			shellPath = /bin/sh;
			shellScript = "diff \"${PODS_PODFILE_DIR_PATH}/Podfile.lock\" \"${PODS_ROOT}/Manifest.lock\" > /dev/null\nif [ $? != 0 ] ; then\n    # print error to STDERR\n    echo \"error: The sandbox is not in sync with the Podfile.lock. Run 'pod install' or update your CocoaPods installation.\" >&2\n    exit 1\nfi\n# This output is used by Xcode 'outputs' to avoid re-running this script phase.\necho \"SUCCESS\" > \"${SCRIPT_OUTPUT_FILE_0}\"\n";
			showEnvVarsInLog = 0;
		};
		B0F16C59ECFC84A54CB71BA3 /* [CP] Copy Pods Resources */ = {
			isa = PBXShellScriptBuildPhase;
			buildActionMask = 2147483647;
			files = (
			);
			inputPaths = (
				"${PODS_ROOT}/Target Support Files/Pods-Nuli/Pods-Nuli-resources.sh",
				"${PODS_ROOT}/FBSDKCoreKit/FacebookSDKStrings.bundle",
				"${PODS_ROOT}/GoogleSignIn/Resources/GoogleSignIn.bundle",
				"${PODS_CONFIGURATION_BUILD_DIR}/GoogleTagManager/TagManagerResources.bundle",
				"${PODS_ROOT}/IQKeyboardManager/IQKeyboardManager/Resources/IQKeyboardManager.bundle",
				"${PODS_CONFIGURATION_BUILD_DIR}/QBImagePickerController/QBImagePicker.bundle",
				"${PODS_ROOT}/../../node_modules/react-native-vector-icons/Fonts/AntDesign.ttf",
				"${PODS_ROOT}/../../node_modules/react-native-vector-icons/Fonts/Entypo.ttf",
				"${PODS_ROOT}/../../node_modules/react-native-vector-icons/Fonts/EvilIcons.ttf",
				"${PODS_ROOT}/../../node_modules/react-native-vector-icons/Fonts/Feather.ttf",
				"${PODS_ROOT}/../../node_modules/react-native-vector-icons/Fonts/FontAwesome.ttf",
				"${PODS_ROOT}/../../node_modules/react-native-vector-icons/Fonts/FontAwesome5_Brands.ttf",
				"${PODS_ROOT}/../../node_modules/react-native-vector-icons/Fonts/FontAwesome5_Regular.ttf",
				"${PODS_ROOT}/../../node_modules/react-native-vector-icons/Fonts/FontAwesome5_Solid.ttf",
				"${PODS_ROOT}/../../node_modules/react-native-vector-icons/Fonts/Fontisto.ttf",
				"${PODS_ROOT}/../../node_modules/react-native-vector-icons/Fonts/Foundation.ttf",
				"${PODS_ROOT}/../../node_modules/react-native-vector-icons/Fonts/Ionicons.ttf",
				"${PODS_ROOT}/../../node_modules/react-native-vector-icons/Fonts/MaterialCommunityIcons.ttf",
				"${PODS_ROOT}/../../node_modules/react-native-vector-icons/Fonts/MaterialIcons.ttf",
				"${PODS_ROOT}/../../node_modules/react-native-vector-icons/Fonts/Octicons.ttf",
				"${PODS_ROOT}/../../node_modules/react-native-vector-icons/Fonts/SimpleLineIcons.ttf",
				"${PODS_ROOT}/../../node_modules/react-native-vector-icons/Fonts/Zocial.ttf",
				"${PODS_ROOT}/RSKImageCropper/RSKImageCropper/RSKImageCropperStrings.bundle",
			);
			name = "[CP] Copy Pods Resources";
			outputPaths = (
				"${TARGET_BUILD_DIR}/${UNLOCALIZED_RESOURCES_FOLDER_PATH}/FacebookSDKStrings.bundle",
				"${TARGET_BUILD_DIR}/${UNLOCALIZED_RESOURCES_FOLDER_PATH}/GoogleSignIn.bundle",
				"${TARGET_BUILD_DIR}/${UNLOCALIZED_RESOURCES_FOLDER_PATH}/TagManagerResources.bundle",
				"${TARGET_BUILD_DIR}/${UNLOCALIZED_RESOURCES_FOLDER_PATH}/IQKeyboardManager.bundle",
				"${TARGET_BUILD_DIR}/${UNLOCALIZED_RESOURCES_FOLDER_PATH}/QBImagePicker.bundle",
				"${TARGET_BUILD_DIR}/${UNLOCALIZED_RESOURCES_FOLDER_PATH}/AntDesign.ttf",
				"${TARGET_BUILD_DIR}/${UNLOCALIZED_RESOURCES_FOLDER_PATH}/Entypo.ttf",
				"${TARGET_BUILD_DIR}/${UNLOCALIZED_RESOURCES_FOLDER_PATH}/EvilIcons.ttf",
				"${TARGET_BUILD_DIR}/${UNLOCALIZED_RESOURCES_FOLDER_PATH}/Feather.ttf",
				"${TARGET_BUILD_DIR}/${UNLOCALIZED_RESOURCES_FOLDER_PATH}/FontAwesome.ttf",
				"${TARGET_BUILD_DIR}/${UNLOCALIZED_RESOURCES_FOLDER_PATH}/FontAwesome5_Brands.ttf",
				"${TARGET_BUILD_DIR}/${UNLOCALIZED_RESOURCES_FOLDER_PATH}/FontAwesome5_Regular.ttf",
				"${TARGET_BUILD_DIR}/${UNLOCALIZED_RESOURCES_FOLDER_PATH}/FontAwesome5_Solid.ttf",
				"${TARGET_BUILD_DIR}/${UNLOCALIZED_RESOURCES_FOLDER_PATH}/Fontisto.ttf",
				"${TARGET_BUILD_DIR}/${UNLOCALIZED_RESOURCES_FOLDER_PATH}/Foundation.ttf",
				"${TARGET_BUILD_DIR}/${UNLOCALIZED_RESOURCES_FOLDER_PATH}/Ionicons.ttf",
				"${TARGET_BUILD_DIR}/${UNLOCALIZED_RESOURCES_FOLDER_PATH}/MaterialCommunityIcons.ttf",
				"${TARGET_BUILD_DIR}/${UNLOCALIZED_RESOURCES_FOLDER_PATH}/MaterialIcons.ttf",
				"${TARGET_BUILD_DIR}/${UNLOCALIZED_RESOURCES_FOLDER_PATH}/Octicons.ttf",
				"${TARGET_BUILD_DIR}/${UNLOCALIZED_RESOURCES_FOLDER_PATH}/SimpleLineIcons.ttf",
				"${TARGET_BUILD_DIR}/${UNLOCALIZED_RESOURCES_FOLDER_PATH}/Zocial.ttf",
				"${TARGET_BUILD_DIR}/${UNLOCALIZED_RESOURCES_FOLDER_PATH}/RSKImageCropperStrings.bundle",
			);
			runOnlyForDeploymentPostprocessing = 0;
			shellPath = /bin/sh;
			shellScript = "\"${PODS_ROOT}/Target Support Files/Pods-Nuli/Pods-Nuli-resources.sh\"\n";
			showEnvVarsInLog = 0;
		};
		E909D13423B11BCF00DB9811 /* Setup Fabric for Firebase Crashlytics */ = {
			isa = PBXShellScriptBuildPhase;
			buildActionMask = 2147483647;
			files = (
			);
			inputFileListPaths = (
			);
			inputPaths = (
			);
			name = "Setup Fabric for Firebase Crashlytics";
			outputFileListPaths = (
			);
			outputPaths = (
			);
			runOnlyForDeploymentPostprocessing = 0;
			shellPath = /bin/sh;
			shellScript = "\"${PODS_ROOT}/Fabric/run\"\n";
		};
		E947B13223B0CECE00FE03DB /* Generate .env */ = {
			isa = PBXShellScriptBuildPhase;
			buildActionMask = 2147483647;
			files = (
			);
			inputFileListPaths = (
			);
			inputPaths = (
			);
			name = "Generate .env";
			outputFileListPaths = (
			);
			outputPaths = (
			);
			runOnlyForDeploymentPostprocessing = 0;
			shellPath = /bin/sh;
			shellScript = "# Type a script or drag a script file from your workspace to insert its path.\ncd  $SRCROOT/../scripts\n\nif [ \"${CONFIGURATION}\" = \"Debug\" ]; then\n  bash build-ios.sh debug\nfi\n\nif [ \"${CONFIGURATION}\" = \"Staging\" ]; then\n  bash build-ios.sh staging\nfi\n\nif [ \"${CONFIGURATION}\" = \"Release\" ]; then\n  bash build-ios.sh release\nfi\n";
		};
		E951EEFA23ACCE6A00CF7332 /* Setup Firebase Environment GoogleService-Info.plist */ = {
			isa = PBXShellScriptBuildPhase;
			buildActionMask = 2147483647;
			files = (
			);
			inputFileListPaths = (
			);
			inputPaths = (
			);
			name = "Setup Firebase Environment GoogleService-Info.plist";
			outputFileListPaths = (
			);
			outputPaths = (
			);
			runOnlyForDeploymentPostprocessing = 0;
			shellPath = /bin/sh;
			shellScript = "# Name of the resource we're selectively copying\nGOOGLESERVICE_INFO_PLIST=GoogleService-Info.plist\n\n# Get references to debug and release versions of the GoogleService-Info.plist\n# NOTE: These should only live on the file system and should NOT be part of the target (since we'll be adding them to the target manually)\nGOOGLESERVICE_INFO_DEBUG=${PROJECT_DIR}/${TARGET_NAME}/Firebase/Debug/${GOOGLESERVICE_INFO_PLIST}\nGOOGLESERVICE_INFO_RELEASE=${PROJECT_DIR}/${TARGET_NAME}/Firebase/Release/${GOOGLESERVICE_INFO_PLIST}\nGOOGLESERVICE_INFO_STAGING=${PROJECT_DIR}/${TARGET_NAME}/Firebase/Staging/${GOOGLESERVICE_INFO_PLIST}\n\n# Make sure the debug version of GoogleService-Info.plist exists\necho \"Looking for ${GOOGLESERVICE_INFO_PLIST} in ${GOOGLESERVICE_INFO_DEBUG}\"\nif [ ! -f $GOOGLESERVICE_INFO_DEBUG ]\nthen\n    echo \"No Development GoogleService-Info.plist found. Please ensure it's in the proper directory.\"\n    exit 1\nfi\n\n# Make sure the release version of GoogleService-Info.plist exists\necho \"Looking for ${GOOGLESERVICE_INFO_PLIST} in ${GOOGLESERVICE_INFO_RELEASE}\"\nif [ ! -f $GOOGLESERVICE_INFO_RELEASE ]\nthen\n    echo \"No Production GoogleService-Info.plist found. Please ensure it's in the proper directory.\"\n    exit 1\nfi\n\n# Get a reference to the destination location for the GoogleService-Info.plist\nPLIST_DESTINATION=${BUILT_PRODUCTS_DIR}/${PRODUCT_NAME}.app\necho \"Will copy ${GOOGLESERVICE_INFO_PLIST} to final destination: ${PLIST_DESTINATION}\"\n\n# Copy over the prod GoogleService-Info.plist for Release builds\nif [ \"${CONFIGURATION}\" == \"Debug\" ]\nthen\n    echo \"Using ${GOOGLESERVICE_INFO_DEBUG}\"\n    cp \"${GOOGLESERVICE_INFO_DEBUG}\" \"${PLIST_DESTINATION}\"\nelif [ \"${CONFIGURATION}\" == \"Staging\" ]\nthen\n    echo \"Using ${GOOGLESERVICE_INFO_STAGING}\"\n    cp \"${GOOGLESERVICE_INFO_STAGING}\" \"${PLIST_DESTINATION}\"\nelse\n    echo \"Using ${GOOGLESERVICE_INFO_RELEASE}\"\n    cp \"${GOOGLESERVICE_INFO_RELEASE}\" \"${PLIST_DESTINATION}\"\nfi\n";
		};
		FD10A7F022414F080027D42C /* Start Packager */ = {
			isa = PBXShellScriptBuildPhase;
			buildActionMask = 2147483647;
			files = (
			);
			inputFileListPaths = (
			);
			inputPaths = (
			);
			name = "Start Packager";
			outputFileListPaths = (
			);
			outputPaths = (
			);
			runOnlyForDeploymentPostprocessing = 0;
			shellPath = /bin/sh;
			shellScript = "export RCT_METRO_PORT=\"${RCT_METRO_PORT:=8081}\"\necho \"export RCT_METRO_PORT=${RCT_METRO_PORT}\" > \"${SRCROOT}/../node_modules/react-native/scripts/.packager.env\"\nif [ -z \"${RCT_NO_LAUNCH_PACKAGER+xxx}\" ] ; then\n  if nc -w 5 -z localhost ${RCT_METRO_PORT} ; then\n    if ! curl -s \"http://localhost:${RCT_METRO_PORT}/status\" | grep -q \"packager-status:running\" ; then\n      echo \"Port ${RCT_METRO_PORT} already in use, packager is either not running or not running correctly\"\n      exit 2\n    fi\n  else\n    open \"$SRCROOT/../node_modules/react-native/scripts/launchPackager.command\" || echo \"Can't start packager automatically\"\n  fi\nfi\n";
			showEnvVarsInLog = 0;
		};
/* End PBXShellScriptBuildPhase section */

/* Begin PBXSourcesBuildPhase section */
		13B07F871A680F5B00A75B9A /* Sources */ = {
			isa = PBXSourcesBuildPhase;
			buildActionMask = 2147483647;
			files = (
				13B07FBC1A68108700A75B9A /* AppDelegate.m in Sources */,
				DC158DE224A213CC00602E3B /* File.swift in Sources */,
				E99966AD23F556BE00E3267F /* KeepAwakeManager.m in Sources */,
				13B07FC11A68108700A75B9A /* main.m in Sources */,
			);
			runOnlyForDeploymentPostprocessing = 0;
		};
		D2A8999C246E992000EE2EDD /* Sources */ = {
			isa = PBXSourcesBuildPhase;
			buildActionMask = 2147483647;
			files = (
				D2A899A4246E992000EE2EDD /* NotificationService.m in Sources */,
			);
			runOnlyForDeploymentPostprocessing = 0;
		};
/* End PBXSourcesBuildPhase section */

/* Begin PBXTargetDependency section */
		D2A899A7246E992000EE2EDD /* PBXTargetDependency */ = {
			isa = PBXTargetDependency;
			target = D2A8999F246E992000EE2EDD /* OneSignalNotificationServiceExtension */;
			targetProxy = D2A899A6246E992000EE2EDD /* PBXContainerItemProxy */;
		};
/* End PBXTargetDependency section */

/* Begin PBXVariantGroup section */
		145067D423F51C5600A58754 /* InfoPlist.strings */ = {
			isa = PBXVariantGroup;
			children = (
				145067D323F51C5600A58754 /* English */,
				145067D523F51C6200A58754 /* zh-Hant */,
				145067D623F51C6300A58754 /* en */,
			);
			name = InfoPlist.strings;
			path = Nuli;
			sourceTree = "<group>";
		};
/* End PBXVariantGroup section */

/* Begin XCBuildConfiguration section */
		13B07F941A680F5B00A75B9A /* Debug */ = {
			isa = XCBuildConfiguration;
			baseConfigurationReference = 821D8E38894E98C7822EEE16 /* Pods-Nuli.debug.xcconfig */;
			buildSettings = {
				ALWAYS_EMBED_SWIFT_STANDARD_LIBRARIES = YES;
				ASSETCATALOG_COMPILER_APPICON_NAME = AppIcon;
				CLANG_ENABLE_MODULES = YES;
				CODEPUSH_KEY = "";
				CODE_SIGN_ENTITLEMENTS = "Nuli/Nüli - Debug.entitlements";
				CODE_SIGN_STYLE = Manual;
				CURRENT_PROJECT_VERSION = 1.2.2;
				DEAD_CODE_STRIPPING = NO;
				DEVELOPMENT_TEAM = BA85ST5WJS;
				ENABLE_BITCODE = NO;
				INFOPLIST_FILE = Nuli/Info.plist;
				IPHONEOS_DEPLOYMENT_TARGET = 12.0;
				LD_RUNPATH_SEARCH_PATHS = "$(inherited) @executable_path/Frameworks";
				MARKETING_VERSION = 1.2.2;
				ONLY_ACTIVE_ARCH = YES;
				OTHER_LDFLAGS = (
					"$(inherited)",
					"-ObjC",
					"-lc++",
				);
				PRODUCT_BUNDLE_IDENTIFIER = com.nuli.app.wip;
				PRODUCT_NAME = "Nüli - Debug";
				PROVISIONING_PROFILE_SPECIFIER = "match Development com.nuli.app.wip";
				SWIFT_OBJC_BRIDGING_HEADER = "Nuli-Bridging-Header.h";
				SWIFT_OPTIMIZATION_LEVEL = "-Onone";
				SWIFT_VERSION = 5.0;
				VERSIONING_SYSTEM = "apple-generic";
			};
			name = Debug;
		};
		13B07F951A680F5B00A75B9A /* Release */ = {
			isa = XCBuildConfiguration;
			baseConfigurationReference = 4AFA02BAE6FBCA986DFB7B83 /* Pods-Nuli.release.xcconfig */;
			buildSettings = {
				ALWAYS_EMBED_SWIFT_STANDARD_LIBRARIES = YES;
				ASSETCATALOG_COMPILER_APPICON_NAME = AppIcon;
				CLANG_ENABLE_MODULES = YES;
				CODEPUSH_KEY = "\"\"";
				CODE_SIGN_ENTITLEMENTS = "Nuli/Nüli - Release.entitlements";
				CODE_SIGN_IDENTITY = "iPhone Distribution";
				CODE_SIGN_STYLE = Manual;
				CURRENT_PROJECT_VERSION = 1.2.2;
				DEVELOPMENT_TEAM = BA85ST5WJS;
				INFOPLIST_FILE = Nuli/Info.plist;
				IPHONEOS_DEPLOYMENT_TARGET = 12.0;
				LD_RUNPATH_SEARCH_PATHS = "$(inherited) @executable_path/Frameworks";
				MARKETING_VERSION = 1.2.2;
				ONLY_ACTIVE_ARCH = YES;
				OTHER_LDFLAGS = (
					"$(inherited)",
					"-ObjC",
					"-lc++",
				);
				PRODUCT_BUNDLE_IDENTIFIER = com.nuli.app;
				PRODUCT_NAME = "Nüli";
				PROVISIONING_PROFILE_SPECIFIER = "match AdHoc com.nuli.app";
				SWIFT_OBJC_BRIDGING_HEADER = "Nuli-Bridging-Header.h";
				SWIFT_VERSION = 5.0;
				VERSIONING_SYSTEM = "apple-generic";
			};
			name = Release;
		};
		83CBBA201A601CBA00E9B192 /* Debug */ = {
			isa = XCBuildConfiguration;
			buildSettings = {
				ALWAYS_SEARCH_USER_PATHS = NO;
				CLANG_CXX_LANGUAGE_STANDARD = "gnu++0x";
				CLANG_CXX_LIBRARY = "libc++";
				CLANG_ENABLE_MODULES = YES;
				CLANG_ENABLE_OBJC_ARC = YES;
				CLANG_WARN_BLOCK_CAPTURE_AUTORELEASING = YES;
				CLANG_WARN_BOOL_CONVERSION = YES;
				CLANG_WARN_COMMA = YES;
				CLANG_WARN_CONSTANT_CONVERSION = YES;
				CLANG_WARN_DEPRECATED_OBJC_IMPLEMENTATIONS = YES;
				CLANG_WARN_DIRECT_OBJC_ISA_USAGE = YES_ERROR;
				CLANG_WARN_EMPTY_BODY = YES;
				CLANG_WARN_ENUM_CONVERSION = YES;
				CLANG_WARN_INFINITE_RECURSION = YES;
				CLANG_WARN_INT_CONVERSION = YES;
				CLANG_WARN_NON_LITERAL_NULL_CONVERSION = YES;
				CLANG_WARN_OBJC_IMPLICIT_RETAIN_SELF = YES;
				CLANG_WARN_OBJC_LITERAL_CONVERSION = YES;
				CLANG_WARN_OBJC_ROOT_CLASS = YES_ERROR;
				CLANG_WARN_RANGE_LOOP_ANALYSIS = YES;
				CLANG_WARN_STRICT_PROTOTYPES = YES;
				CLANG_WARN_SUSPICIOUS_MOVE = YES;
				CLANG_WARN_UNREACHABLE_CODE = YES;
				CLANG_WARN__DUPLICATE_METHOD_MATCH = YES;
				"CODE_SIGN_IDENTITY[sdk=iphoneos*]" = "iPhone Developer";
				COPY_PHASE_STRIP = NO;
				ENABLE_STRICT_OBJC_MSGSEND = YES;
				ENABLE_TESTABILITY = YES;
				GCC_C_LANGUAGE_STANDARD = gnu99;
				GCC_DYNAMIC_NO_PIC = NO;
				GCC_NO_COMMON_BLOCKS = YES;
				GCC_OPTIMIZATION_LEVEL = 0;
				GCC_PREPROCESSOR_DEFINITIONS = (
					"DEBUG=1",
					"$(inherited)",
				);
				GCC_SYMBOLS_PRIVATE_EXTERN = NO;
				GCC_WARN_64_TO_32_BIT_CONVERSION = YES;
				GCC_WARN_ABOUT_RETURN_TYPE = YES_ERROR;
				GCC_WARN_UNDECLARED_SELECTOR = YES;
				GCC_WARN_UNINITIALIZED_AUTOS = YES_AGGRESSIVE;
				GCC_WARN_UNUSED_FUNCTION = YES;
				GCC_WARN_UNUSED_VARIABLE = YES;
				IPHONEOS_DEPLOYMENT_TARGET = 9.0;
				MTL_ENABLE_DEBUG_INFO = YES;
				ONLY_ACTIVE_ARCH = YES;
				SDKROOT = iphoneos;
			};
			name = Debug;
		};
		83CBBA211A601CBA00E9B192 /* Release */ = {
			isa = XCBuildConfiguration;
			buildSettings = {
				ALWAYS_SEARCH_USER_PATHS = NO;
				CLANG_CXX_LANGUAGE_STANDARD = "gnu++0x";
				CLANG_CXX_LIBRARY = "libc++";
				CLANG_ENABLE_MODULES = YES;
				CLANG_ENABLE_OBJC_ARC = YES;
				CLANG_WARN_BLOCK_CAPTURE_AUTORELEASING = YES;
				CLANG_WARN_BOOL_CONVERSION = YES;
				CLANG_WARN_COMMA = YES;
				CLANG_WARN_CONSTANT_CONVERSION = YES;
				CLANG_WARN_DEPRECATED_OBJC_IMPLEMENTATIONS = YES;
				CLANG_WARN_DIRECT_OBJC_ISA_USAGE = YES_ERROR;
				CLANG_WARN_EMPTY_BODY = YES;
				CLANG_WARN_ENUM_CONVERSION = YES;
				CLANG_WARN_INFINITE_RECURSION = YES;
				CLANG_WARN_INT_CONVERSION = YES;
				CLANG_WARN_NON_LITERAL_NULL_CONVERSION = YES;
				CLANG_WARN_OBJC_IMPLICIT_RETAIN_SELF = YES;
				CLANG_WARN_OBJC_LITERAL_CONVERSION = YES;
				CLANG_WARN_OBJC_ROOT_CLASS = YES_ERROR;
				CLANG_WARN_RANGE_LOOP_ANALYSIS = YES;
				CLANG_WARN_STRICT_PROTOTYPES = YES;
				CLANG_WARN_SUSPICIOUS_MOVE = YES;
				CLANG_WARN_UNREACHABLE_CODE = YES;
				CLANG_WARN__DUPLICATE_METHOD_MATCH = YES;
				"CODE_SIGN_IDENTITY[sdk=iphoneos*]" = "iPhone Developer";
				COPY_PHASE_STRIP = YES;
				ENABLE_NS_ASSERTIONS = NO;
				ENABLE_STRICT_OBJC_MSGSEND = YES;
				GCC_C_LANGUAGE_STANDARD = gnu99;
				GCC_NO_COMMON_BLOCKS = YES;
				GCC_WARN_64_TO_32_BIT_CONVERSION = YES;
				GCC_WARN_ABOUT_RETURN_TYPE = YES_ERROR;
				GCC_WARN_UNDECLARED_SELECTOR = YES;
				GCC_WARN_UNINITIALIZED_AUTOS = YES_AGGRESSIVE;
				GCC_WARN_UNUSED_FUNCTION = YES;
				GCC_WARN_UNUSED_VARIABLE = YES;
				IPHONEOS_DEPLOYMENT_TARGET = 9.0;
				MTL_ENABLE_DEBUG_INFO = NO;
				SDKROOT = iphoneos;
				VALIDATE_PRODUCT = YES;
			};
			name = Release;
		};
		D2A899AA246E992100EE2EDD /* Debug */ = {
			isa = XCBuildConfiguration;
			baseConfigurationReference = A8EC1810598CA8A4263A8545 /* Pods-OneSignalNotificationServiceExtension.debug.xcconfig */;
			buildSettings = {
				CLANG_ANALYZER_NONNULL = YES;
				CLANG_ANALYZER_NUMBER_OBJECT_CONVERSION = YES_AGGRESSIVE;
				CLANG_CXX_LANGUAGE_STANDARD = "gnu++14";
				CLANG_ENABLE_OBJC_WEAK = YES;
				CLANG_WARN_DOCUMENTATION_COMMENTS = YES;
				CLANG_WARN_UNGUARDED_AVAILABILITY = YES_AGGRESSIVE;
				CODE_SIGN_ENTITLEMENTS = OneSignalNotificationServiceExtension/OneSignalNotificationServiceExtension.entitlements;
				CODE_SIGN_IDENTITY = "iPhone Developer";
				CODE_SIGN_STYLE = Manual;
				DEBUG_INFORMATION_FORMAT = dwarf;
				DEVELOPMENT_TEAM = BA85ST5WJS;
				GCC_C_LANGUAGE_STANDARD = gnu11;
				INFOPLIST_FILE = OneSignalNotificationServiceExtension/Info.plist;
				IPHONEOS_DEPLOYMENT_TARGET = 10.0;
				LD_RUNPATH_SEARCH_PATHS = "$(inherited) @executable_path/Frameworks @executable_path/../../Frameworks";
				MTL_ENABLE_DEBUG_INFO = INCLUDE_SOURCE;
				MTL_FAST_MATH = YES;
				MT_PRODUCT_BUNDLE_ID = com.nuli.app.wip;
				PRODUCT_BUNDLE_IDENTIFIER = com.nuli.app.wip.OneSignalNotificationServiceExtension;
				PRODUCT_NAME = "$(TARGET_NAME)";
				PROVISIONING_PROFILE_SPECIFIER = "match Development com.nuli.app.wip.OneSignalNotificationServiceExtension";
				SKIP_INSTALL = YES;
				TARGETED_DEVICE_FAMILY = "1,2";
			};
			name = Debug;
		};
		D2A899AB246E992100EE2EDD /* Release */ = {
			isa = XCBuildConfiguration;
			baseConfigurationReference = 7ABA59BF17614626A2131975 /* Pods-OneSignalNotificationServiceExtension.release.xcconfig */;
			buildSettings = {
				CLANG_ANALYZER_NONNULL = YES;
				CLANG_ANALYZER_NUMBER_OBJECT_CONVERSION = YES_AGGRESSIVE;
				CLANG_CXX_LANGUAGE_STANDARD = "gnu++14";
				CLANG_ENABLE_OBJC_WEAK = YES;
				CLANG_WARN_DOCUMENTATION_COMMENTS = YES;
				CLANG_WARN_UNGUARDED_AVAILABILITY = YES_AGGRESSIVE;
				CODE_SIGN_ENTITLEMENTS = OneSignalNotificationServiceExtension/OneSignalNotificationServiceExtension.entitlements;
				CODE_SIGN_IDENTITY = "iPhone Distribution";
				CODE_SIGN_STYLE = Manual;
				COPY_PHASE_STRIP = NO;
				DEBUG_INFORMATION_FORMAT = "dwarf-with-dsym";
				DEVELOPMENT_TEAM = BA85ST5WJS;
				GCC_C_LANGUAGE_STANDARD = gnu11;
				INFOPLIST_FILE = OneSignalNotificationServiceExtension/Info.plist;
				IPHONEOS_DEPLOYMENT_TARGET = 10.0;
				LD_RUNPATH_SEARCH_PATHS = "$(inherited) @executable_path/Frameworks @executable_path/../../Frameworks";
				MTL_FAST_MATH = YES;
				MT_PRODUCT_BUNDLE_ID = com.nuli.app;
				PRODUCT_BUNDLE_IDENTIFIER = com.nuli.app.OneSignalNotificationServiceExtension;
				PRODUCT_NAME = "$(TARGET_NAME)";
				PROVISIONING_PROFILE_SPECIFIER = "match AdHoc com.nuli.app.OneSignalNotificationServiceExtension";
				SKIP_INSTALL = YES;
				TARGETED_DEVICE_FAMILY = "1,2";
			};
			name = Release;
		};
		D2A899AC246E992100EE2EDD /* Staging */ = {
			isa = XCBuildConfiguration;
			baseConfigurationReference = 9B86B360F23A831A5FB27FE0 /* Pods-OneSignalNotificationServiceExtension.staging.xcconfig */;
			buildSettings = {
				CLANG_ANALYZER_NONNULL = YES;
				CLANG_ANALYZER_NUMBER_OBJECT_CONVERSION = YES_AGGRESSIVE;
				CLANG_CXX_LANGUAGE_STANDARD = "gnu++14";
				CLANG_ENABLE_OBJC_WEAK = YES;
				CLANG_WARN_DOCUMENTATION_COMMENTS = YES;
				CLANG_WARN_UNGUARDED_AVAILABILITY = YES_AGGRESSIVE;
				CODE_SIGN_ENTITLEMENTS = OneSignalNotificationServiceExtension/OneSignalNotificationServiceExtension.entitlements;
				CODE_SIGN_IDENTITY = "Apple Development";
				"CODE_SIGN_IDENTITY[sdk=iphoneos*]" = "iPhone Distribution";
				CODE_SIGN_STYLE = Manual;
				COPY_PHASE_STRIP = NO;
				DEBUG_INFORMATION_FORMAT = "dwarf-with-dsym";
				DEVELOPMENT_TEAM = BA85ST5WJS;
				GCC_C_LANGUAGE_STANDARD = gnu11;
				INFOPLIST_FILE = OneSignalNotificationServiceExtension/Info.plist;
				IPHONEOS_DEPLOYMENT_TARGET = 10.0;
				LD_RUNPATH_SEARCH_PATHS = "$(inherited) @executable_path/Frameworks @executable_path/../../Frameworks";
				MTL_FAST_MATH = YES;
				MT_PRODUCT_BUNDLE_ID = com.nuli.app.staging;
				PRODUCT_BUNDLE_IDENTIFIER = com.nuli.app.staging.OneSignalNotificationServiceExtension;
				PRODUCT_NAME = "$(TARGET_NAME)";
				PROVISIONING_PROFILE_SPECIFIER = "match AdHoc com.nuli.app.staging.OneSignalNotificationServiceExtension";
				SKIP_INSTALL = YES;
				TARGETED_DEVICE_FAMILY = "1,2";
			};
			name = Staging;
		};
		E2BF664A23DEF8C50016CBB8 /* Staging */ = {
			isa = XCBuildConfiguration;
			buildSettings = {
				ALWAYS_SEARCH_USER_PATHS = NO;
				CLANG_CXX_LANGUAGE_STANDARD = "gnu++0x";
				CLANG_CXX_LIBRARY = "libc++";
				CLANG_ENABLE_MODULES = YES;
				CLANG_ENABLE_OBJC_ARC = YES;
				CLANG_WARN_BLOCK_CAPTURE_AUTORELEASING = YES;
				CLANG_WARN_BOOL_CONVERSION = YES;
				CLANG_WARN_COMMA = YES;
				CLANG_WARN_CONSTANT_CONVERSION = YES;
				CLANG_WARN_DEPRECATED_OBJC_IMPLEMENTATIONS = YES;
				CLANG_WARN_DIRECT_OBJC_ISA_USAGE = YES_ERROR;
				CLANG_WARN_EMPTY_BODY = YES;
				CLANG_WARN_ENUM_CONVERSION = YES;
				CLANG_WARN_INFINITE_RECURSION = YES;
				CLANG_WARN_INT_CONVERSION = YES;
				CLANG_WARN_NON_LITERAL_NULL_CONVERSION = YES;
				CLANG_WARN_OBJC_IMPLICIT_RETAIN_SELF = YES;
				CLANG_WARN_OBJC_LITERAL_CONVERSION = YES;
				CLANG_WARN_OBJC_ROOT_CLASS = YES_ERROR;
				CLANG_WARN_RANGE_LOOP_ANALYSIS = YES;
				CLANG_WARN_STRICT_PROTOTYPES = YES;
				CLANG_WARN_SUSPICIOUS_MOVE = YES;
				CLANG_WARN_UNREACHABLE_CODE = YES;
				CLANG_WARN__DUPLICATE_METHOD_MATCH = YES;
				"CODE_SIGN_IDENTITY[sdk=iphoneos*]" = "iPhone Developer";
				COPY_PHASE_STRIP = YES;
				ENABLE_NS_ASSERTIONS = NO;
				ENABLE_STRICT_OBJC_MSGSEND = YES;
				GCC_C_LANGUAGE_STANDARD = gnu99;
				GCC_NO_COMMON_BLOCKS = YES;
				GCC_WARN_64_TO_32_BIT_CONVERSION = YES;
				GCC_WARN_ABOUT_RETURN_TYPE = YES_ERROR;
				GCC_WARN_UNDECLARED_SELECTOR = YES;
				GCC_WARN_UNINITIALIZED_AUTOS = YES_AGGRESSIVE;
				GCC_WARN_UNUSED_FUNCTION = YES;
				GCC_WARN_UNUSED_VARIABLE = YES;
				IPHONEOS_DEPLOYMENT_TARGET = 9.0;
				MTL_ENABLE_DEBUG_INFO = NO;
				SDKROOT = iphoneos;
				VALIDATE_PRODUCT = YES;
			};
			name = Staging;
		};
		E2BF664B23DEF8C50016CBB8 /* Staging */ = {
			isa = XCBuildConfiguration;
			baseConfigurationReference = 11F389CF93296A2B1D365D13 /* Pods-Nuli.staging.xcconfig */;
			buildSettings = {
				ALWAYS_EMBED_SWIFT_STANDARD_LIBRARIES = YES;
				ASSETCATALOG_COMPILER_APPICON_NAME = AppIcon;
				CLANG_ENABLE_MODULES = YES;
				CODEPUSH_KEY = "\"\"";
				CODE_SIGN_ENTITLEMENTS = "Nuli/Nüli - Staging.entitlements";
				CODE_SIGN_IDENTITY = "Apple Distribution";
				"CODE_SIGN_IDENTITY[sdk=iphoneos*]" = "iPhone Distribution";
				CODE_SIGN_STYLE = Manual;
				CURRENT_PROJECT_VERSION = 1.2.2;
				DEVELOPMENT_TEAM = BA85ST5WJS;
				INFOPLIST_FILE = Nuli/Info.plist;
				IPHONEOS_DEPLOYMENT_TARGET = 12.0;
				LD_RUNPATH_SEARCH_PATHS = "$(inherited) @executable_path/Frameworks";
				MARKETING_VERSION = 1.2.2;
				ONLY_ACTIVE_ARCH = YES;
				OTHER_LDFLAGS = (
					"$(inherited)",
					"-ObjC",
					"-lc++",
				);
				PRODUCT_BUNDLE_IDENTIFIER = com.nuli.app.staging;
				PRODUCT_NAME = "Nüli - Staging";
				PROVISIONING_PROFILE_SPECIFIER = "match AdHoc com.nuli.app.staging";
				SWIFT_OBJC_BRIDGING_HEADER = "Nuli-Bridging-Header.h";
				SWIFT_VERSION = 5.0;
				VERSIONING_SYSTEM = "apple-generic";
			};
			name = Staging;
		};
/* End XCBuildConfiguration section */

/* Begin XCConfigurationList section */
		13B07F931A680F5B00A75B9A /* Build configuration list for PBXNativeTarget "Nuli" */ = {
			isa = XCConfigurationList;
			buildConfigurations = (
				13B07F941A680F5B00A75B9A /* Debug */,
				13B07F951A680F5B00A75B9A /* Release */,
				E2BF664B23DEF8C50016CBB8 /* Staging */,
			);
			defaultConfigurationIsVisible = 0;
			defaultConfigurationName = Release;
		};
		83CBB9FA1A601CBA00E9B192 /* Build configuration list for PBXProject "Nuli" */ = {
			isa = XCConfigurationList;
			buildConfigurations = (
				83CBBA201A601CBA00E9B192 /* Debug */,
				83CBBA211A601CBA00E9B192 /* Release */,
				E2BF664A23DEF8C50016CBB8 /* Staging */,
			);
			defaultConfigurationIsVisible = 0;
			defaultConfigurationName = Release;
		};
		D2A899A9246E992100EE2EDD /* Build configuration list for PBXNativeTarget "OneSignalNotificationServiceExtension" */ = {
			isa = XCConfigurationList;
			buildConfigurations = (
				D2A899AA246E992100EE2EDD /* Debug */,
				D2A899AB246E992100EE2EDD /* Release */,
				D2A899AC246E992100EE2EDD /* Staging */,
			);
			defaultConfigurationIsVisible = 0;
			defaultConfigurationName = Release;
		};
/* End XCConfigurationList section */
	};
	rootObject = 83CBB9F71A601CBA00E9B192 /* Project object */;
}
